
Microsoft Visual Studio Solution File, Format Version 12.00
# Visual Studio Version 17
VisualStudioVersion = 17.8.34330.188
MinimumVisualStudioVersion = 10.0.40219.1
Project("{2150E333-8FDC-42A3-9474-1A3956D46DE8}") = "src", "src", "{B8F40CAC-F91D-4A0F-93F8-256347300075}"
EndProject
Project("{2150E333-8FDC-42A3-9474-1A3956D46DE8}") = "tests", "tests", "{58F94443-C4AF-450C-B34C-441BE9E2170F}"
EndProject
Project("{9A19103F-16F7-4668-BE54-9A1E7A4F7556}") = "BidShtorm.Application.UnitTests", "tests\BidShtorm.Application.UnitTests\BidShtorm.Application.UnitTests.csproj", "{CB7217D3-8F1E-44ED-8F1F-51DF7F912916}"
EndProject
Project("{9A19103F-16F7-4668-BE54-9A1E7A4F7556}") = "BidShtorm.Infrastructure.UnitTests", "tests\BidShtorm.Infrastructure.UnitTests\BidShtorm.Infrastructure.UnitTests.csproj", "{6485087E-D4D9-44BF-BBBD-67FDCD2683E4}"
EndProject
Project("{9A19103F-16F7-4668-BE54-9A1E7A4F7556}") = "BidShtorm.Api.UnitTests", "tests\BidShtorm.Api.UnitTests\BidShtorm.Api.UnitTests.csproj", "{73D4E761-04C5-4101-93FF-2CE50688A595}"
EndProject
Project("{9A19103F-16F7-4668-BE54-9A1E7A4F7556}") = "BidShtorm.Domain.UnitTests", "tests\BidShtorm.Domain.UnitTests\BidShtorm.Domain.UnitTests.csproj", "{6F15A70A-CE40-426A-91CF-60FCCE2C04D3}"
EndProject
Project("{9A19103F-16F7-4668-BE54-9A1E7A4F7556}") = "BidShtorm.Application.SubcutaneousTests", "tests\BidShtorm.Application.SubcutaneousTests\BidShtorm.Application.SubcutaneousTests.csproj", "{8CDF7AAE-C3D2-486C-AC00-128D54184C73}"
EndProject
Project("{2150E333-8FDC-42A3-9474-1A3956D46DE8}") = "Application", "Application", "{7FF8EBD2-C37A-489D-B927-081F98B4AE75}"
EndProject
Project("{2150E333-8FDC-42A3-9474-1A3956D46DE8}") = "Domain", "Domain", "{8CB848EC-84CE-44C0-AB48-4191D886A7A0}"
EndProject
Project("{2150E333-8FDC-42A3-9474-1A3956D46DE8}") = "Infrastructure", "Infrastructure", "{E23C4E06-A0D8-4736-82B3-A6AA3102A942}"
EndProject
Project("{2150E333-8FDC-42A3-9474-1A3956D46DE8}") = "Presentation", "Presentation", "{810CFA17-88BE-4748-9732-840EA07C5CD1}"
EndProject
Project("{9A19103F-16F7-4668-BE54-9A1E7A4F7556}") = "BidShtorm.Contracts", "src\Presentation\BidShtorm.Contracts\BidShtorm.Contracts.csproj", "{A236178B-3B77-46FF-A428-717F31122768}"
EndProject
Project("{9A19103F-16F7-4668-BE54-9A1E7A4F7556}") = "BidShtorm.Api", "src\Presentation\BidShtorm.Api\BidShtorm.Api.csproj", "{E439A6BD-F31C-479C-97EE-AB86C7FC924B}"
EndProject
Project("{9A19103F-16F7-4668-BE54-9A1E7A4F7556}") = "BidShtorm.Infrastructure", "src\Infrastructure\BidShtorm.Infrastructure\BidShtorm.Infrastructure.csproj", "{B99A938A-5E68-4647-9DFA-0D496B6FC4B2}"
EndProject
Project("{9A19103F-16F7-4668-BE54-9A1E7A4F7556}") = "BidShtorm.Domain", "src\Domain\BidShtorm.Domain\BidShtorm.Domain.csproj", "{7CAD1DC8-54D0-467E-9A91-869E924BE19C}"
EndProject
Project("{9A19103F-16F7-4668-BE54-9A1E7A4F7556}") = "BidShtorm.Application", "src\Application\BidShtorm.Application\BidShtorm.Application.csproj", "{2656DC7F-6A7A-48F1-8C89-D98D500B641B}"
EndProject
Global
	GlobalSection(SolutionConfigurationPlatforms) = preSolution
		Debug|Any CPU = Debug|Any CPU
		Release|Any CPU = Release|Any CPU
	EndGlobalSection
	GlobalSection(ProjectConfigurationPlatforms) = postSolution
		{CB7217D3-8F1E-44ED-8F1F-51DF7F912916}.Debug|Any CPU.ActiveCfg = Debug|Any CPU
		{CB7217D3-8F1E-44ED-8F1F-51DF7F912916}.Debug|Any CPU.Build.0 = Debug|Any CPU
		{CB7217D3-8F1E-44ED-8F1F-51DF7F912916}.Release|Any CPU.ActiveCfg = Release|Any CPU
		{CB7217D3-8F1E-44ED-8F1F-51DF7F912916}.Release|Any CPU.Build.0 = Release|Any CPU
		{6485087E-D4D9-44BF-BBBD-67FDCD2683E4}.Debug|Any CPU.ActiveCfg = Debug|Any CPU
		{6485087E-D4D9-44BF-BBBD-67FDCD2683E4}.Debug|Any CPU.Build.0 = Debug|Any CPU
		{6485087E-D4D9-44BF-BBBD-67FDCD2683E4}.Release|Any CPU.ActiveCfg = Release|Any CPU
		{6485087E-D4D9-44BF-BBBD-67FDCD2683E4}.Release|Any CPU.Build.0 = Release|Any CPU
		{73D4E761-04C5-4101-93FF-2CE50688A595}.Debug|Any CPU.ActiveCfg = Debug|Any CPU
		{73D4E761-04C5-4101-93FF-2CE50688A595}.Debug|Any CPU.Build.0 = Debug|Any CPU
		{73D4E761-04C5-4101-93FF-2CE50688A595}.Release|Any CPU.ActiveCfg = Release|Any CPU
		{73D4E761-04C5-4101-93FF-2CE50688A595}.Release|Any CPU.Build.0 = Release|Any CPU
		{6F15A70A-CE40-426A-91CF-60FCCE2C04D3}.Debug|Any CPU.ActiveCfg = Debug|Any CPU
		{6F15A70A-CE40-426A-91CF-60FCCE2C04D3}.Debug|Any CPU.Build.0 = Debug|Any CPU
		{6F15A70A-CE40-426A-91CF-60FCCE2C04D3}.Release|Any CPU.ActiveCfg = Release|Any CPU
		{6F15A70A-CE40-426A-91CF-60FCCE2C04D3}.Release|Any CPU.Build.0 = Release|Any CPU
		{8CDF7AAE-C3D2-486C-AC00-128D54184C73}.Debug|Any CPU.ActiveCfg = Debug|Any CPU
		{8CDF7AAE-C3D2-486C-AC00-128D54184C73}.Debug|Any CPU.Build.0 = Debug|Any CPU
		{8CDF7AAE-C3D2-486C-AC00-128D54184C73}.Release|Any CPU.ActiveCfg = Release|Any CPU
		{8CDF7AAE-C3D2-486C-AC00-128D54184C73}.Release|Any CPU.Build.0 = Release|Any CPU
		{A236178B-3B77-46FF-A428-717F31122768}.Debug|Any CPU.ActiveCfg = Debug|Any CPU
		{A236178B-3B77-46FF-A428-717F31122768}.Debug|Any CPU.Build.0 = Debug|Any CPU
		{A236178B-3B77-46FF-A428-717F31122768}.Release|Any CPU.ActiveCfg = Release|Any CPU
		{A236178B-3B77-46FF-A428-717F31122768}.Release|Any CPU.Build.0 = Release|Any CPU
		{E439A6BD-F31C-479C-97EE-AB86C7FC924B}.Debug|Any CPU.ActiveCfg = Debug|Any CPU
		{E439A6BD-F31C-479C-97EE-AB86C7FC924B}.Debug|Any CPU.Build.0 = Debug|Any CPU
		{E439A6BD-F31C-479C-97EE-AB86C7FC924B}.Release|Any CPU.ActiveCfg = Release|Any CPU
		{E439A6BD-F31C-479C-97EE-AB86C7FC924B}.Release|Any CPU.Build.0 = Release|Any CPU
		{B99A938A-5E68-4647-9DFA-0D496B6FC4B2}.Debug|Any CPU.ActiveCfg = Debug|Any CPU
		{B99A938A-5E68-4647-9DFA-0D496B6FC4B2}.Debug|Any CPU.Build.0 = Debug|Any CPU
		{B99A938A-5E68-4647-9DFA-0D496B6FC4B2}.Release|Any CPU.ActiveCfg = Release|Any CPU
		{B99A938A-5E68-4647-9DFA-0D496B6FC4B2}.Release|Any CPU.Build.0 = Release|Any CPU
		{7CAD1DC8-54D0-467E-9A91-869E924BE19C}.Debug|Any CPU.ActiveCfg = Debug|Any CPU
		{7CAD1DC8-54D0-467E-9A91-869E924BE19C}.Debug|Any CPU.Build.0 = Debug|Any CPU
		{7CAD1DC8-54D0-467E-9A91-869E924BE19C}.Release|Any CPU.ActiveCfg = Release|Any CPU
		{7CAD1DC8-54D0-467E-9A91-869E924BE19C}.Release|Any CPU.Build.0 = Release|Any CPU
		{2656DC7F-6A7A-48F1-8C89-D98D500B641B}.Debug|Any CPU.ActiveCfg = Debug|Any CPU
		{2656DC7F-6A7A-48F1-8C89-D98D500B641B}.Debug|Any CPU.Build.0 = Debug|Any CPU
		{2656DC7F-6A7A-48F1-8C89-D98D500B641B}.Release|Any CPU.ActiveCfg = Release|Any CPU
		{2656DC7F-6A7A-48F1-8C89-D98D500B641B}.Release|Any CPU.Build.0 = Release|Any CPU
	EndGlobalSection
	GlobalSection(SolutionProperties) = preSolution
		HideSolutionNode = FALSE
	EndGlobalSection
	GlobalSection(NestedProjects) = preSolution
		{CB7217D3-8F1E-44ED-8F1F-51DF7F912916} = {58F94443-C4AF-450C-B34C-441BE9E2170F}
		{6485087E-D4D9-44BF-BBBD-67FDCD2683E4} = {58F94443-C4AF-450C-B34C-441BE9E2170F}
		{73D4E761-04C5-4101-93FF-2CE50688A595} = {58F94443-C4AF-450C-B34C-441BE9E2170F}
		{6F15A70A-CE40-426A-91CF-60FCCE2C04D3} = {58F94443-C4AF-450C-B34C-441BE9E2170F}
		{8CDF7AAE-C3D2-486C-AC00-128D54184C73} = {58F94443-C4AF-450C-B34C-441BE9E2170F}
		{7FF8EBD2-C37A-489D-B927-081F98B4AE75} = {B8F40CAC-F91D-4A0F-93F8-256347300075}
		{8CB848EC-84CE-44C0-AB48-4191D886A7A0} = {B8F40CAC-F91D-4A0F-93F8-256347300075}
		{E23C4E06-A0D8-4736-82B3-A6AA3102A942} = {B8F40CAC-F91D-4A0F-93F8-256347300075}
		{810CFA17-88BE-4748-9732-840EA07C5CD1} = {B8F40CAC-F91D-4A0F-93F8-256347300075}
		{A236178B-3B77-46FF-A428-717F31122768} = {810CFA17-88BE-4748-9732-840EA07C5CD1}
		{E439A6BD-F31C-479C-97EE-AB86C7FC924B} = {810CFA17-88BE-4748-9732-840EA07C5CD1}
		{B99A938A-5E68-4647-9DFA-0D496B6FC4B2} = {E23C4E06-A0D8-4736-82B3-A6AA3102A942}
		{7CAD1DC8-54D0-467E-9A91-869E924BE19C} = {8CB848EC-84CE-44C0-AB48-4191D886A7A0}
		{2656DC7F-6A7A-48F1-8C89-D98D500B641B} = {7FF8EBD2-C37A-489D-B927-081F98B4AE75}
	EndGlobalSection
	GlobalSection(ExtensibilityGlobals) = postSolution
		SolutionGuid = {F5ED6CBA-71AA-4433-9F3A-19DE0A8FB0C5}
	EndGlobalSection
EndGlobal
